%{
  "calendar": {:hex, :calendar, "0.12.3", "65e5024650b4b5526fe6d7fad13c8eafa5d015cb36081bb3dbb501f6d3422454", [:mix], [{:tzdata, "~> 0.1.8 or ~> 0.5.6", [hex: :tzdata, repo: "hexpm", optional: false]}], "hexpm", "19aba4c9660239a710ac70e9bef56d8c8db73ebb48a2c89e3ac02cec64838aad"},
  "certifi": {:hex, :certifi, "0.3.0", "389d4b126a47895fe96d65fcf8681f4d09eca1153dc2243ed6babad0aac1e763", [:rebar3], [], "hexpm", "42ae85fe91c038a634a5fb8d0c77f4fc581914c508f087c7138e9366a1517f6a"},
  "erldn": {:hex, :erldn, "1.0.3", "25f3e096a924255ab9de307cdc7f8936668285c052d64e91b68b8b1c5c69829f", [:make, :rebar], [], "hexpm", "36ed20be36411ee429d1fa779f907036c4080d50a9a30559252789a90fc03fa5"},
  "ex_doc": {:hex, :ex_doc, "0.6.1", "4b722f73acb92be541376fd7fa1f33393bb04199dc11a585370aad584a4a3f8b", [:mix], [], "hexpm", "a882e1cd56520c2e8c3c1a3ae31077a91d6ba7fc25343251e8711ce4d4a0bd28"},
  "exdn": {:hex, :exdn, "2.1.1", "cb8c606549c497851a198cd2b094cd721e9a81fb848c2a1e2cc1c9eff41eea05", [:mix], [{:calendar, "~> 0.12.3", [hex: :calendar, repo: "hexpm", optional: false]}, {:erldn, "~> 1.0.3", [hex: :erldn, repo: "hexpm", optional: false]}], "hexpm", "88ee992d680b0d23b9e156e8b99bda2020401e6a0d64c9180cc07eb7976bf089"},
  "hackney": {:hex, :hackney, "1.4.8", "c8c6977ed55cc5095e3929f6d94a6f732dd2e31ae42a7b9236d5574ec3f5be13", [:rebar3], [{:certifi, "0.3.0", [hex: :certifi, repo: "hexpm", optional: false]}, {:idna, "1.0.3", [hex: :idna, repo: "hexpm", optional: false]}, {:mimerl, "1.0.2", [hex: :mimerl, repo: "hexpm", optional: false]}, {:ssl_verify_hostname, "1.0.5", [hex: :ssl_verify_hostname, repo: "hexpm", optional: false]}], "hexpm", "7c212741163cec1cf38ad845bd71efafcbf81365cf754c978b354c6375dc4da2"},
  "httpoison": {:hex, :httpoison, "0.8.1", "5b706be2b0af81d1a3870479a2e1b925517c2a64316f70c6cc8aceac9e55f695", [:mix], [{:hackney, "~> 1.4.4", [hex: :hackney, repo: "hexpm", optional: false]}], "hexpm", "b4cf6955675f86c77f939b10d29491632a1d227ce1dc4c4db759bc4a52cea600"},
  "idna": {:hex, :idna, "1.0.3", "d456a8761cad91c97e9788c27002eb3b773adaf5c893275fc35ba4e3434bbd9b", [:rebar3], [], "hexpm", "357d489a51112db4f216034406834f9172b3c0ff5a12f83fb28b25ca271541d1"},
  "mimerl": {:hex, :mimerl, "1.0.2", "993f9b0e084083405ed8252b99460c4f0563e41729ab42d9074fd5e52439be88", [:rebar3], [], "hexpm", "7a4c8e1115a2732a67d7624e28cf6c9f30c66711a9e92928e745c255887ba465"},
  "poison": {:hex, :poison, "1.5.2", "560bdfb7449e3ddd23a096929fb9fc2122f709bcc758b2d5d5a5c7d0ea848910", [:mix], [], "hexpm", "4afc59dcadf71be7edc8b934b39f554ec7b31e2b1b1a4767383a663f86958ce3"},
  "ssl_verify_hostname": {:hex, :ssl_verify_hostname, "1.0.5", "2e73e068cd6393526f9fa6d399353d7c9477d6886ba005f323b592d389fb47be", [:make], [], "hexpm", "f2cb11e6144e10ab39d1e14bf9fb2437b690979c70bf5428e9dc4bfaf1dfeabf"},
  "tzdata": {:hex, :tzdata, "0.5.6", "d44c59175b8e9a170b3b17d6933820de98a3f0932f3a0615d884b8c20e93a87a", [:mix], [{:hackney, "~> 1.0", [hex: :hackney, repo: "hexpm", optional: false]}], "hexpm", "e2be18ea3e7c7dc83520b0eed369bbeea0c478299590524009a9dbaf0a9bfb04"},
}
